// !$*UTF8*$!
{
	archiveVersion = 1;
	classes = {
	};
	objectVersion = 77;
	objects = {

/* Begin PBXContainerItemProxy section */
		EA6375432D921DD400DC5AA9 /* PBXContainerItemProxy */ = {
			isa = PBXContainerItemProxy;
			containerPortal = EA6375252D921DD300DC5AA9 /* Project object */;
			proxyType = 1;
			remoteGlobalIDString = EA63752C2D921DD400DC5AA9;
			remoteInfo = A2_iOS_Anar_101391879;
		};
		EA63754D2D921DD400DC5AA9 /* PBXContainerItemProxy */ = {
			isa = PBXContainerItemProxy;
			containerPortal = EA6375252D921DD300DC5AA9 /* Project object */;
			proxyType = 1;
			remoteGlobalIDString = EA63752C2D921DD400DC5AA9;
			remoteInfo = A2_iOS_Anar_101391879;
		};
/* End PBXContainerItemProxy section */

/* Begin PBXFileReference section */
		EA63752D2D921DD400DC5AA9 /* A2_iOS_Anar_101391879.app */ = {isa = PBXFileReference; explicitFileType = wrapper.application; includeInIndex = 0; path = A2_iOS_Anar_101391879.app; sourceTree = BUILT_PRODUCTS_DIR; };
		EA6375422D921DD400DC5AA9 /* A2_iOS_Anar_101391879Tests.xctest */ = {isa = PBXFileReference; explicitFileType = wrapper.cfbundle; includeInIndex = 0; path = A2_iOS_Anar_101391879Tests.xctest; sourceTree = BUILT_PRODUCTS_DIR; };
		EA63754C2D921DD400DC5AA9 /* A2_iOS_Anar_101391879UITests.xctest */ = {isa = PBXFileReference; explicitFileType = wrapper.cfbundle; includeInIndex = 0; path = A2_iOS_Anar_101391879UITests.xctest; sourceTree = BUILT_PRODUCTS_DIR; };
/* End PBXFileReference section */

/* Begin PBXFileSystemSynchronizedRootGroup section */
		EA63752F2D921DD400DC5AA9 /* A2_iOS_Anar_101391879 */ = {
			isa = PBXFileSystemSynchronizedRootGroup;
			path = A2_iOS_Anar_101391879;
			sourceTree = "<group>";
		};
		EA6375452D921DD400DC5AA9 /* A2_iOS_Anar_101391879Tests */ = {
			isa = PBXFileSystemSynchronizedRootGroup;
			path = A2_iOS_Anar_101391879Tests;
			sourceTree = "<group>";
		};
		EA63754F2D921DD400DC5AA9 /* A2_iOS_Anar_101391879UITests */ = {
			isa = PBXFileSystemSynchronizedRootGroup;
			path = A2_iOS_Anar_101391879UITests;
			sourceTree = "<group>";
		};
/* End PBXFileSystemSynchronizedRootGroup section */

/* Begin PBXFrameworksBuildPhase section */
		EA63752A2D921DD400DC5AA9 /* Frameworks */ = {
			isa = PBXFrameworksBuildPhase;
			buildActionMask = 2147483647;
			files = (
			);
			runOnlyForDeploymentPostprocessing = 0;
		};
		EA63753F2D921DD400DC5AA9 /* Frameworks */ = {
			isa = PBXFrameworksBuildPhase;
			buildActionMask = 2147483647;
			files = (
			);
			runOnlyForDeploymentPostprocessing = 0;
		};
		EA6375492D921DD400DC5AA9 /* Frameworks */ = {
			isa = PBXFrameworksBuildPhase;
			buildActionMask = 2147483647;
			files = (
			);
			runOnlyForDeploymentPostprocessing = 0;
		};
/* End PBXFrameworksBuildPhase section */

/* Begin PBXGroup section */
		EA6375242D921DD300DC5AA9 = {
			isa = PBXGroup;
			children = (
				EA63752F2D921DD400DC5AA9 /* A2_iOS_Anar_101391879 */,
				EA6375452D921DD400DC5AA9 /* A2_iOS_Anar_101391879Tests */,
				EA63754F2D921DD400DC5AA9 /* A2_iOS_Anar_101391879UITests */,
				EA63752E2D921DD400DC5AA9 /* Products */,
			);
			sourceTree = "<group>";
		};
		EA63752E2D921DD400DC5AA9 /* Products */ = {
			isa = PBXGroup;
			children = (
				EA63752D2D921DD400DC5AA9 /* A2_iOS_Anar_101391879.app */,
				EA6375422D921DD400DC5AA9 /* A2_iOS_Anar_101391879Tests.xctest */,
				EA63754C2D921DD400DC5AA9 /* A2_iOS_Anar_101391879UITests.xctest */,
			);
			name = Products;
			sourceTree = "<group>";
		};
/* End PBXGroup section */

/* Begin PBXNativeTarget section */
		EA63752C2D921DD400DC5AA9 /* A2_iOS_Anar_101391879 */ = {
			isa = PBXNativeTarget;
			buildConfigurationList = EA6375562D921DD400DC5AA9 /* Build configuration list for PBXNativeTarget "A2_iOS_Anar_101391879" */;
			buildPhases = (
				EA6375292D921DD400DC5AA9 /* Sources */,
				EA63752A2D921DD400DC5AA9 /* Frameworks */,
				EA63752B2D921DD400DC5AA9 /* Resources */,
			);
			buildRules = (
			);
			dependencies = (
			);
			fileSystemSynchronizedGroups = (
				EA63752F2D921DD400DC5AA9 /* A2_iOS_Anar_101391879 */,
			);
			name = A2_iOS_Anar_101391879;
			packageProductDependencies = (
			);
			productName = A2_iOS_Anar_101391879;
			productReference = EA63752D2D921DD400DC5AA9 /* A2_iOS_Anar_101391879.app */;
			productType = "com.apple.product-type.application";
		};
		EA6375412D921DD400DC5AA9 /* A2_iOS_Anar_101391879Tests */ = {
			isa = PBXNativeTarget;
			buildConfigurationList = EA6375592D921DD400DC5AA9 /* Build configuration list for PBXNativeTarget "A2_iOS_Anar_101391879Tests" */;
			buildPhases = (
				EA63753E2D921DD400DC5AA9 /* Sources */,
				EA63753F2D921DD400DC5AA9 /* Frameworks */,
				EA6375402D921DD400DC5AA9 /* Resources */,
			);
			buildRules = (
			);
			dependencies = (
				EA6375442D921DD400DC5AA9 /* PBXTargetDependency */,
			);
			fileSystemSynchronizedGroups = (
				EA6375452D921DD400DC5AA9 /* A2_iOS_Anar_101391879Tests */,
			);
			name = A2_iOS_Anar_101391879Tests;
			packageProductDependencies = (
			);
			productName = A2_iOS_Anar_101391879Tests;
			productReference = EA6375422D921DD400DC5AA9 /* A2_iOS_Anar_101391879Tests.xctest */;
			productType = "com.apple.product-type.bundle.unit-test";
		};
		EA63754B2D921DD400DC5AA9 /* A2_iOS_Anar_101391879UITests */ = {
			isa = PBXNativeTarget;
			buildConfigurationList = EA63755C2D921DD400DC5AA9 /* Build configuration list for PBXNativeTarget "A2_iOS_Anar_101391879UITests" */;
			buildPhases = (
				EA6375482D921DD400DC5AA9 /* Sources */,
				EA6375492D921DD400DC5AA9 /* Frameworks */,
				EA63754A2D921DD400DC5AA9 /* Resources */,
			);
			buildRules = (
			);
			dependencies = (
				EA63754E2D921DD400DC5AA9 /* PBXTargetDependency */,
			);
			fileSystemSynchronizedGroups = (
				EA63754F2D921DD400DC5AA9 /* A2_iOS_Anar_101391879UITests */,
			);
			name = A2_iOS_Anar_101391879UITests;
			packageProductDependencies = (
			);
			productName = A2_iOS_Anar_101391879UITests;
			productReference = EA63754C2D921DD400DC5AA9 /* A2_iOS_Anar_101391879UITests.xctest */;
			productType = "com.apple.product-type.bundle.ui-testing";
		};
/* End PBXNativeTarget section */

/* Begin PBXProject section */
		EA6375252D921DD300DC5AA9 /* Project object */ = {
			isa = PBXProject;
			attributes = {
				BuildIndependentTargetsInParallel = 1;
				LastSwiftUpdateCheck = 1620;
				LastUpgradeCheck = 1620;
				TargetAttributes = {
					EA63752C2D921DD400DC5AA9 = {
						CreatedOnToolsVersion = 16.2;
					};
					EA6375412D921DD400DC5AA9 = {
						CreatedOnToolsVersion = 16.2;
						TestTargetID = EA63752C2D921DD400DC5AA9;
					};
					EA63754B2D921DD400DC5AA9 = {
						CreatedOnToolsVersion = 16.2;
						TestTargetID = EA63752C2D921DD400DC5AA9;
					};
				};
			};
			buildConfigurationList = EA6375282D921DD300DC5AA9 /* Build configuration list for PBXProject "A2_iOS_Anar_101391879" */;
			developmentRegion = en;
			hasScannedForEncodings = 0;
			knownRegions = (
				en,
				Base,
			);
			mainGroup = EA6375242D921DD300DC5AA9;
			minimizedProjectReferenceProxies = 1;
			preferredProjectObjectVersion = 77;
			productRefGroup = EA63752E2D921DD400DC5AA9 /* Products */;
			projectDirPath = "";
			projectRoot = "";
			targets = (
				EA63752C2D921DD400DC5AA9 /* A2_iOS_Anar_101391879 */,
				EA6375412D921DD400DC5AA9 /* A2_iOS_Anar_101391879Tests */,
				EA63754B2D921DD400DC5AA9 /* A2_iOS_Anar_101391879UITests */,
			);
		};
/* End PBXProject section */

/* Begin PBXResourcesBuildPhase section */
		EA63752B2D921DD400DC5AA9 /* Resources */ = {
			isa = PBXResourcesBuildPhase;
			buildActionMask = 2147483647;
			files = (
			);
			runOnlyForDeploymentPostprocessing = 0;
		};
		EA6375402D921DD400DC5AA9 /* Resources */ = {
			isa = PBXResourcesBuildPhase;
			buildActionMask = 2147483647;
			files = (
			);
			runOnlyForDeploymentPostprocessing = 0;
		};
		EA63754A2D921DD400DC5AA9 /* Resources */ = {
			isa = PBXResourcesBuildPhase;
			buildActionMask = 2147483647;
			files = (
			);
			runOnlyForDeploymentPostprocessing = 0;
		};
/* End PBXResourcesBuildPhase section */

/* Begin PBXSourcesBuildPhase section */
		EA6375292D921DD400DC5AA9 /* Sources */ = {
			isa = PBXSourcesBuildPhase;
			buildActionMask = 2147483647;
			files = (
			);
			runOnlyForDeploymentPostprocessing = 0;
		};
		EA63753E2D921DD400DC5AA9 /* Sources */ = {
			isa = PBXSourcesBuildPhase;
			buildActionMask = 2147483647;
			files = (
			);
			runOnlyForDeploymentPostprocessing = 0;
		};
		EA6375482D921DD400DC5AA9 /* Sources */ = {
			isa = PBXSourcesBuildPhase;
			buildActionMask = 2147483647;
			files = (
			);
			runOnlyForDeploymentPostprocessing = 0;
		};
/* End PBXSourcesBuildPhase section */

/* Begin PBXTargetDependency section */
		EA6375442D921DD400DC5AA9 /* PBXTargetDependency */ = {
			isa = PBXTargetDependency;
			target = EA63752C2D921DD400DC5AA9 /* A2_iOS_Anar_101391879 */;
			targetProxy = EA6375432D921DD400DC5AA9 /* PBXContainerItemProxy */;
		};
		EA63754E2D921DD400DC5AA9 /* PBXTargetDependency */ = {
			isa = PBXTargetDependency;
			target = EA63752C2D921DD400DC5AA9 /* A2_iOS_Anar_101391879 */;
			targetProxy = EA63754D2D921DD400DC5AA9 /* PBXContainerItemProxy */;
		};
/* End PBXTargetDependency section */

/* Begin XCBuildConfiguration section */
		EA6375542D921DD400DC5AA9 /* Debug */ = {
			isa = XCBuildConfiguration;
			buildSettings = {
				ALWAYS_SEARCH_USER_PATHS = NO;
				ASSETCATALOG_COMPILER_GENERATE_SWIFT_ASSET_SYMBOL_EXTENSIONS = YES;
				CLANG_ANALYZER_NONNULL = YES;
				CLANG_ANALYZER_NUMBER_OBJECT_CONVERSION = YES_AGGRESSIVE;
				CLANG_CXX_LANGUAGE_STANDARD = "gnu++20";
				CLANG_ENABLE_MODULES = YES;
				CLANG_ENABLE_OBJC_ARC = YES;
				CLANG_ENABLE_OBJC_WEAK = YES;
				CLANG_WARN_BLOCK_CAPTURE_AUTORELEASING = YES;
				CLANG_WARN_BOOL_CONVERSION = YES;
				CLANG_WARN_COMMA = YES;
				CLANG_WARN_CONSTANT_CONVERSION = YES;
				CLANG_WARN_DEPRECATED_OBJC_IMPLEMENTATIONS = YES;
				CLANG_WARN_DIRECT_OBJC_ISA_USAGE = YES_ERROR;
				CLANG_WARN_DOCUMENTATION_COMMENTS = YES;
				CLANG_WARN_EMPTY_BODY = YES;
				CLANG_WARN_ENUM_CONVERSION = YES;
				CLANG_WARN_INFINITE_RECURSION = YES;
				CLANG_WARN_INT_CONVERSION = YES;
				CLANG_WARN_NON_LITERAL_NULL_CONVERSION = YES;
				CLANG_WARN_OBJC_IMPLICIT_RETAIN_SELF = YES;
				CLANG_WARN_OBJC_LITERAL_CONVERSION = YES;
				CLANG_WARN_OBJC_ROOT_CLASS = YES_ERROR;
				CLANG_WARN_QUOTED_INCLUDE_IN_FRAMEWORK_HEADER = YES;
				CLANG_WARN_RANGE_LOOP_ANALYSIS = YES;
				CLANG_WARN_STRICT_PROTOTYPES = YES;
				CLANG_WARN_SUSPICIOUS_MOVE = YES;
				CLANG_WARN_UNGUARDED_AVAILABILITY = YES_AGGRESSIVE;
				CLANG_WARN_UNREACHABLE_CODE = YES;
				CLANG_WARN__DUPLICATE_METHOD_MATCH = YES;
				COPY_PHASE_STRIP = NO;
				DEBUG_INFORMATION_FORMAT = dwarf;
				ENABLE_STRICT_OBJC_MSGSEND = YES;
				ENABLE_TESTABILITY = YES;
				ENABLE_USER_SCRIPT_SANDBOXING = YES;
				GCC_C_LANGUAGE_STANDARD = gnu17;
				GCC_DYNAMIC_NO_PIC = NO;
				GCC_NO_COMMON_BLOCKS = YES;
				GCC_OPTIMIZATION_LEVEL = 0;
				GCC_PREPROCESSOR_DEFINITIONS = (
					"DEBUG=1",
					"$(inherited)",
				);
				GCC_WARN_64_TO_32_BIT_CONVERSION = YES;
				GCC_WARN_ABOUT_RETURN_TYPE = YES_ERROR;
				GCC_WARN_UNDECLARED_SELECTOR = YES;
				GCC_WARN_UNINITIALIZED_AUTOS = YES_AGGRESSIVE;
				GCC_WARN_UNUSED_FUNCTION = YES;
				GCC_WARN_UNUSED_VARIABLE = YES;
				IPHONEOS_DEPLOYMENT_TARGET = 18.2;
				LOCALIZATION_PREFERS_STRING_CATALOGS = YES;
				MTL_ENABLE_DEBUG_INFO = INCLUDE_SOURCE;
				MTL_FAST_MATH = YES;
				ONLY_ACTIVE_ARCH = YES;
				SDKROOT = iphoneos;
				SWIFT_ACTIVE_COMPILATION_CONDITIONS = "DEBUG $(inherited)";
				SWIFT_OPTIMIZATION_LEVEL = "-Onone";
			};
			name = Debug;
		};
		EA6375552D921DD400DC5AA9 /* Release */ = {
			isa = XCBuildConfiguration;
			buildSettings = {
				ALWAYS_SEARCH_USER_PATHS = NO;
				ASSETCATALOG_COMPILER_GENERATE_SWIFT_ASSET_SYMBOL_EXTENSIONS = YES;
				CLANG_ANALYZER_NONNULL = YES;
				CLANG_ANALYZER_NUMBER_OBJECT_CONVERSION = YES_AGGRESSIVE;
				CLANG_CXX_LANGUAGE_STANDARD = "gnu++20";
				CLANG_ENABLE_MODULES = YES;
				CLANG_ENABLE_OBJC_ARC = YES;
				CLANG_ENABLE_OBJC_WEAK = YES;
				CLANG_WARN_BLOCK_CAPTURE_AUTORELEASING = YES;
				CLANG_WARN_BOOL_CONVERSION = YES;
				CLANG_WARN_COMMA = YES;
				CLANG_WARN_CONSTANT_CONVERSION = YES;
				CLANG_WARN_DEPRECATED_OBJC_IMPLEMENTATIONS = YES;
				CLANG_WARN_DIRECT_OBJC_ISA_USAGE = YES_ERROR;
				CLANG_WARN_DOCUMENTATION_COMMENTS = YES;
				CLANG_WARN_EMPTY_BODY = YES;
				CLANG_WARN_ENUM_CONVERSION = YES;
				CLANG_WARN_INFINITE_RECURSION = YES;
				CLANG_WARN_INT_CONVERSION = YES;
				CLANG_WARN_NON_LITERAL_NULL_CONVERSION = YES;
				CLANG_WARN_OBJC_IMPLICIT_RETAIN_SELF = YES;
				CLANG_WARN_OBJC_LITERAL_CONVERSION = YES;
				CLANG_WARN_OBJC_ROOT_CLASS = YES_ERROR;
				CLANG_WARN_QUOTED_INCLUDE_IN_FRAMEWORK_HEADER = YES;
				CLANG_WARN_RANGE_LOOP_ANALYSIS = YES;
				CLANG_WARN_STRICT_PROTOTYPES = YES;
				CLANG_WARN_SUSPICIOUS_MOVE = YES;
				CLANG_WARN_UNGUARDED_AVAILABILITY = YES_AGGRESSIVE;
				CLANG_WARN_UNREACHABLE_CODE = YES;
				CLANG_WARN__DUPLICATE_METHOD_MATCH = YES;
				COPY_PHASE_STRIP = NO;
				DEBUG_INFORMATION_FORMAT = "dwarf-with-dsym";
				ENABLE_NS_ASSERTIONS = NO;
				ENABLE_STRICT_OBJC_MSGSEND = YES;
				ENABLE_USER_SCRIPT_SANDBOXING = YES;
				GCC_C_LANGUAGE_STANDARD = gnu17;
				GCC_NO_COMMON_BLOCKS = YES;
				GCC_WARN_64_TO_32_BIT_CONVERSION = YES;
				GCC_WARN_ABOUT_RETURN_TYPE = YES_ERROR;
				GCC_WARN_UNDECLARED_SELECTOR = YES;
				GCC_WARN_UNINITIALIZED_AUTOS = YES_AGGRESSIVE;
				GCC_WARN_UNUSED_FUNCTION = YES;
				GCC_WARN_UNUSED_VARIABLE = YES;
				IPHONEOS_DEPLOYMENT_TARGET = 18.2;
				LOCALIZATION_PREFERS_STRING_CATALOGS = YES;
				MTL_ENABLE_DEBUG_INFO = NO;
				MTL_FAST_MATH = YES;
				SDKROOT = iphoneos;
				SWIFT_COMPILATION_MODE = wholemodule;
				VALIDATE_PRODUCT = YES;
			};
			name = Release;
		};
		EA6375572D921DD400DC5AA9 /* Debug */ = {
			isa = XCBuildConfiguration;
			buildSettings = {
				ASSETCATALOG_COMPILER_APPICON_NAME = AppIcon;
				ASSETCATALOG_COMPILER_GLOBAL_ACCENT_COLOR_NAME = AccentColor;
				CODE_SIGN_STYLE = Automatic;
				CURRENT_PROJECT_VERSION = 1;
				DEVELOPMENT_ASSET_PATHS = "\"A2_iOS_Anar_101391879/Preview Content\"";
				ENABLE_PREVIEWS = YES;
				GENERATE_INFOPLIST_FILE = YES;
				INFOPLIST_KEY_UIApplicationSceneManifest_Generation = YES;
				INFOPLIST_KEY_UIApplicationSupportsIndirectInputEvents = YES;
				INFOPLIST_KEY_UILaunchScreen_Generation = YES;
				INFOPLIST_KEY_UISupportedInterfaceOrientations_iPad = "UIInterfaceOrientationPortrait UIInterfaceOrientationPortraitUpsideDown UIInterfaceOrientationLandscapeLeft UIInterfaceOrientationLandscapeRight";
				INFOPLIST_KEY_UISupportedInterfaceOrientations_iPhone = "UIInterfaceOrientationPortrait UIInterfaceOrientationLandscapeLeft UIInterfaceOrientationLandscapeRight";
				LD_RUNPATH_SEARCH_PATHS = (
					"$(inherited)",
					"@executable_path/Frameworks",
				);
				MARKETING_VERSION = 1.0;
				PRODUCT_BUNDLE_IDENTIFIER = "com.anarsamadzade.counterapp.A2-iOS-Anar-101391879";
				PRODUCT_NAME = "$(TARGET_NAME)";
				SWIFT_EMIT_LOC_STRINGS = YES;
				SWIFT_VERSION = 5.0;
				TARGETED_DEVICE_FAMILY = "1,2";
			};
			name = Debug;
		};
		EA6375582D921DD400DC5AA9 /* Release */ = {
			isa = XCBuildConfiguration;
			buildSettings = {
				ASSETCATALOG_COMPILER_APPICON_NAME = AppIcon;
				ASSETCATALOG_COMPILER_GLOBAL_ACCENT_COLOR_NAME = AccentColor;
				CODE_SIGN_STYLE = Automatic;
				CURRENT_PROJECT_VERSION = 1;
				DEVELOPMENT_ASSET_PATHS = "\"A2_iOS_Anar_101391879/Preview Content\"";
				ENABLE_PREVIEWS = YES;
				GENERATE_INFOPLIST_FILE = YES;
				INFOPLIST_KEY_UIApplicationSceneManifest_Generation = YES;
				INFOPLIST_KEY_UIApplicationSupportsIndirectInputEvents = YES;
				INFOPLIST_KEY_UILaunchScreen_Generation = YES;
				INFOPLIST_KEY_UISupportedInterfaceOrientations_iPad = "UIInterfaceOrientationPortrait UIInterfaceOrientationPortraitUpsideDown UIInterfaceOrientationLandscapeLeft UIInterfaceOrientationLandscapeRight";
				INFOPLIST_KEY_UISupportedInterfaceOrientations_iPhone = "UIInterfaceOrientationPortrait UIInterfaceOrientationLandscapeLeft UIInterfaceOrientationLandscapeRight";
				LD_RUNPATH_SEARCH_PATHS = (
					"$(inherited)",
					"@executable_path/Frameworks",
				);
				MARKETING_VERSION = 1.0;
				PRODUCT_BUNDLE_IDENTIFIER = "com.anarsamadzade.counterapp.A2-iOS-Anar-101391879";
				PRODUCT_NAME = "$(TARGET_NAME)";
				SWIFT_EMIT_LOC_STRINGS = YES;
				SWIFT_VERSION = 5.0;
				TARGETED_DEVICE_FAMILY = "1,2";
			};
			name = Release;
		};
		EA63755A2D921DD400DC5AA9 /* Debug */ = {
			isa = XCBuildConfiguration;
			buildSettings = {
				BUNDLE_LOADER = "$(TEST_HOST)";
				CODE_SIGN_STYLE = Automatic;
				CURRENT_PROJECT_VERSION = 1;
				GENERATE_INFOPLIST_FILE = YES;
				IPHONEOS_DEPLOYMENT_TARGET = 18.2;
				MARKETING_VERSION = 1.0;
				PRODUCT_BUNDLE_IDENTIFIER = "com.anarsamadzade.counterapp.A2-iOS-Anar-101391879Tests";
				PRODUCT_NAME = "$(TARGET_NAME)";
				SWIFT_EMIT_LOC_STRINGS = NO;
				SWIFT_VERSION = 5.0;
				TARGETED_DEVICE_FAMILY = "1,2";
				TEST_HOST = "$(BUILT_PRODUCTS_DIR)/A2_iOS_Anar_101391879.app/$(BUNDLE_EXECUTABLE_FOLDER_PATH)/A2_iOS_Anar_101391879";
			};
			name = Debug;
		};
		EA63755B2D921DD400DC5AA9 /* Release */ = {
			isa = XCBuildConfiguration;
			buildSettings = {
				BUNDLE_LOADER = "$(TEST_HOST)";
				CODE_SIGN_STYLE = Automatic;
				CURRENT_PROJECT_VERSION = 1;
				GENERATE_INFOPLIST_FILE = YES;
				IPHONEOS_DEPLOYMENT_TARGET = 18.2;
				MARKETING_VERSION = 1.0;
				PRODUCT_BUNDLE_IDENTIFIER = "com.anarsamadzade.counterapp.A2-iOS-Anar-101391879Tests";
				PRODUCT_NAME = "$(TARGET_NAME)";
				SWIFT_EMIT_LOC_STRINGS = NO;
				SWIFT_VERSION = 5.0;
				TARGETED_DEVICE_FAMILY = "1,2";
				TEST_HOST = "$(BUILT_PRODUCTS_DIR)/A2_iOS_Anar_101391879.app/$(BUNDLE_EXECUTABLE_FOLDER_PATH)/A2_iOS_Anar_101391879";
			};
			name = Release;
		};
		EA63755D2D921DD400DC5AA9 /* Debug */ = {
			isa = XCBuildConfiguration;
			buildSettings = {
				CODE_SIGN_STYLE = Automatic;
				CURRENT_PROJECT_VERSION = 1;
				GENERATE_INFOPLIST_FILE = YES;
				MARKETING_VERSION = 1.0;
				PRODUCT_BUNDLE_IDENTIFIER = "com.anarsamadzade.counterapp.A2-iOS-Anar-101391879UITests";
				PRODUCT_NAME = "$(TARGET_NAME)";
				SWIFT_EMIT_LOC_STRINGS = NO;
				SWIFT_VERSION = 5.0;
				TARGETED_DEVICE_FAMILY = "1,2";
				TEST_TARGET_NAME = A2_iOS_Anar_101391879;
			};
			name = Debug;
		};
		EA63755E2D921DD400DC5AA9 /* Release */ = {
			isa = XCBuildConfiguration;
			buildSettings = {
				CODE_SIGN_STYLE = Automatic;
				CURRENT_PROJECT_VERSION = 1;
				GENERATE_INFOPLIST_FILE = YES;
				MARKETING_VERSION = 1.0;
				PRODUCT_BUNDLE_IDENTIFIER = "com.anarsamadzade.counterapp.A2-iOS-Anar-101391879UITests";
				PRODUCT_NAME = "$(TARGET_NAME)";
				SWIFT_EMIT_LOC_STRINGS = NO;
				SWIFT_VERSION = 5.0;
				TARGETED_DEVICE_FAMILY = "1,2";
				TEST_TARGET_NAME = A2_iOS_Anar_101391879;
			};
			name = Release;
		};
/* End XCBuildConfiguration section */

/* Begin XCConfigurationList section */
		EA6375282D921DD300DC5AA9 /* Build configuration list for PBXProject "A2_iOS_Anar_101391879" */ = {
			isa = XCConfigurationList;
			buildConfigurations = (
				EA6375542D921DD400DC5AA9 /* Debug */,
				EA6375552D921DD400DC5AA9 /* Release */,
			);
			defaultConfigurationIsVisible = 0;
			defaultConfigurationName = Release;
		};
		EA6375562D921DD400DC5AA9 /* Build configuration list for PBXNativeTarget "A2_iOS_Anar_101391879" */ = {
			isa = XCConfigurationList;
			buildConfigurations = (
				EA6375572D921DD400DC5AA9 /* Debug */,
				EA6375582D921DD400DC5AA9 /* Release */,
			);
			defaultConfigurationIsVisible = 0;
			defaultConfigurationName = Release;
		};
		EA6375592D921DD400DC5AA9 /* Build configuration list for PBXNativeTarget "A2_iOS_Anar_101391879Tests" */ = {
			isa = XCConfigurationList;
			buildConfigurations = (
				EA63755A2D921DD400DC5AA9 /* Debug */,
				EA63755B2D921DD400DC5AA9 /* Release */,
			);
			defaultConfigurationIsVisible = 0;
			defaultConfigurationName = Release;
		};
		EA63755C2D921DD400DC5AA9 /* Build configuration list for PBXNativeTarget "A2_iOS_Anar_101391879UITests" */ = {
			isa = XCConfigurationList;
			buildConfigurations = (
				EA63755D2D921DD400DC5AA9 /* Debug */,
				EA63755E2D921DD400DC5AA9 /* Release */,
			);
			defaultConfigurationIsVisible = 0;
			defaultConfigurationName = Release;
		};
/* End XCConfigurationList section */
	};
	rootObject = EA6375252D921DD300DC5AA9 /* Project object */;
}
